
Microsoft Visual Studio Solution File, Format Version 12.00
# Visual Studio Version 17
VisualStudioVersion = 17.13.35818.85 d17.13
MinimumVisualStudioVersion = 10.0.40219.1
Project("{FAE04EC0-301F-11D3-BF4B-00C04F79EFBC}") = "CincyAutoCare", "CincyAutoCare.csproj", "{7F0ED655-A4C7-42CD-810F-E68C1260A154}"
EndProject
Project("{FAE04EC0-301F-11D3-BF4B-00C04F79EFBC}") = "CareCare.Data", "..\CareCare.Data\CareCare.Data.csproj", "{016AD8E2-7A03-4E67-994E-972A6DEF8D86}"
EndProject
Global
	GlobalSection(SolutionConfigurationPlatforms) = preSolution
		Debug|Any CPU = Debug|Any CPU
		Release|Any CPU = Release|Any CPU
	EndGlobalSection
	GlobalSection(ProjectConfigurationPlatforms) = postSolution
		{7F0ED655-A4C7-42CD-810F-E68C1260A154}.Debug|Any CPU.ActiveCfg = Debug|Any CPU
		{7F0ED655-A4C7-42CD-810F-E68C1260A154}.Debug|Any CPU.Build.0 = Debug|Any CPU
		{7F0ED655-A4C7-42CD-810F-E68C1260A154}.Release|Any CPU.ActiveCfg = Release|Any CPU
		{7F0ED655-A4C7-42CD-810F-E68C1260A154}.Release|Any CPU.Build.0 = Release|Any CPU
		{016AD8E2-7A03-4E67-994E-972A6DEF8D86}.Debug|Any CPU.ActiveCfg = Debug|Any CPU
		{016AD8E2-7A03-4E67-994E-972A6DEF8D86}.Debug|Any CPU.Build.0 = Debug|Any CPU
		{016AD8E2-7A03-4E67-994E-972A6DEF8D86}.Release|Any CPU.ActiveCfg = Release|Any CPU
		{016AD8E2-7A03-4E67-994E-972A6DEF8D86}.Release|Any CPU.Build.0 = Release|Any CPU
	EndGlobalSection
	GlobalSection(SolutionProperties) = preSolution
		HideSolutionNode = FALSE
	EndGlobalSection
	GlobalSection(ExtensibilityGlobals) = postSolution
		SolutionGuid = {F40D70D5-3F94-456C-90EC-A02FC9216C3D}
	EndGlobalSection
EndGlobal
